// !$*UTF8*$!
{
	archiveVersion = 1;
	classes = {
	};
	objectVersion = 77;
	objects = {

/* Begin PBXBuildFile section */
		47C4FCD1A208519689376997 /* Pods_SwiftGPRCTest_SwiftGPRCTestUITests.framework in Frameworks */ = {isa = PBXBuildFile; fileRef = C333D2C4FD8ED070B9056D28 /* Pods_SwiftGPRCTest_SwiftGPRCTestUITests.framework */; };
		70D919E10864D89BD3F2CCD4 /* Pods_SwiftGPRCTest.framework in Frameworks */ = {isa = PBXBuildFile; fileRef = 71E29999328D4D392000069F /* Pods_SwiftGPRCTest.framework */; };
		CABF9F7056882C418DBD287D /* Pods_SwiftGPRCTest_SwiftGPRCTestTests.framework in Frameworks */ = {isa = PBXBuildFile; fileRef = 18A2BFFB09E9430D4C62EA48 /* Pods_SwiftGPRCTest_SwiftGPRCTestTests.framework */; };
/* End PBXBuildFile section */

/* Begin PBXContainerItemProxy section */
		478BE4D62D4AEACD003BF92B /* PBXContainerItemProxy */ = {
			isa = PBXContainerItemProxy;
			containerPortal = 478BE4BD2D4AEACB003BF92B /* Project object */;
			proxyType = 1;
			remoteGlobalIDString = 478BE4C42D4AEACB003BF92B;
			remoteInfo = SwiftGPRCTest;
		};
		478BE4E02D4AEACD003BF92B /* PBXContainerItemProxy */ = {
			isa = PBXContainerItemProxy;
			containerPortal = 478BE4BD2D4AEACB003BF92B /* Project object */;
			proxyType = 1;
			remoteGlobalIDString = 478BE4C42D4AEACB003BF92B;
			remoteInfo = SwiftGPRCTest;
		};
/* End PBXContainerItemProxy section */

/* Begin PBXFileReference section */
		18A2BFFB09E9430D4C62EA48 /* Pods_SwiftGPRCTest_SwiftGPRCTestTests.framework */ = {isa = PBXFileReference; explicitFileType = wrapper.framework; includeInIndex = 0; path = Pods_SwiftGPRCTest_SwiftGPRCTestTests.framework; sourceTree = BUILT_PRODUCTS_DIR; };
		1F5EA3CEFF878211411CCD14 /* Pods-SwiftGPRCTest-SwiftGPRCTestTests.debug.xcconfig */ = {isa = PBXFileReference; includeInIndex = 1; lastKnownFileType = text.xcconfig; name = "Pods-SwiftGPRCTest-SwiftGPRCTestTests.debug.xcconfig"; path = "Target Support Files/Pods-SwiftGPRCTest-SwiftGPRCTestTests/Pods-SwiftGPRCTest-SwiftGPRCTestTests.debug.xcconfig"; sourceTree = "<group>"; };
		3DB86C8E060B70E4A9FA2857 /* Pods-SwiftGPRCTest.debug.xcconfig */ = {isa = PBXFileReference; includeInIndex = 1; lastKnownFileType = text.xcconfig; name = "Pods-SwiftGPRCTest.debug.xcconfig"; path = "Target Support Files/Pods-SwiftGPRCTest/Pods-SwiftGPRCTest.debug.xcconfig"; sourceTree = "<group>"; };
		478BE4C52D4AEACB003BF92B /* SwiftGPRCTest.app */ = {isa = PBXFileReference; explicitFileType = wrapper.application; includeInIndex = 0; path = SwiftGPRCTest.app; sourceTree = BUILT_PRODUCTS_DIR; };
		478BE4D52D4AEACD003BF92B /* SwiftGPRCTestTests.xctest */ = {isa = PBXFileReference; explicitFileType = wrapper.cfbundle; includeInIndex = 0; path = SwiftGPRCTestTests.xctest; sourceTree = BUILT_PRODUCTS_DIR; };
		478BE4DF2D4AEACD003BF92B /* SwiftGPRCTestUITests.xctest */ = {isa = PBXFileReference; explicitFileType = wrapper.cfbundle; includeInIndex = 0; path = SwiftGPRCTestUITests.xctest; sourceTree = BUILT_PRODUCTS_DIR; };
		71E29999328D4D392000069F /* Pods_SwiftGPRCTest.framework */ = {isa = PBXFileReference; explicitFileType = wrapper.framework; includeInIndex = 0; path = Pods_SwiftGPRCTest.framework; sourceTree = BUILT_PRODUCTS_DIR; };
		81A76C73A137807DAC218E61 /* Pods-SwiftGPRCTest.release.xcconfig */ = {isa = PBXFileReference; includeInIndex = 1; lastKnownFileType = text.xcconfig; name = "Pods-SwiftGPRCTest.release.xcconfig"; path = "Target Support Files/Pods-SwiftGPRCTest/Pods-SwiftGPRCTest.release.xcconfig"; sourceTree = "<group>"; };
		A2BF5684C07695643E290F7D /* Pods-SwiftGPRCTest-SwiftGPRCTestUITests.release.xcconfig */ = {isa = PBXFileReference; includeInIndex = 1; lastKnownFileType = text.xcconfig; name = "Pods-SwiftGPRCTest-SwiftGPRCTestUITests.release.xcconfig"; path = "Target Support Files/Pods-SwiftGPRCTest-SwiftGPRCTestUITests/Pods-SwiftGPRCTest-SwiftGPRCTestUITests.release.xcconfig"; sourceTree = "<group>"; };
		A56B56E38E536E74B97C49D5 /* Pods-SwiftGPRCTest-SwiftGPRCTestTests.release.xcconfig */ = {isa = PBXFileReference; includeInIndex = 1; lastKnownFileType = text.xcconfig; name = "Pods-SwiftGPRCTest-SwiftGPRCTestTests.release.xcconfig"; path = "Target Support Files/Pods-SwiftGPRCTest-SwiftGPRCTestTests/Pods-SwiftGPRCTest-SwiftGPRCTestTests.release.xcconfig"; sourceTree = "<group>"; };
		A750291260C43628F2A813C6 /* Pods-SwiftGPRCTest-SwiftGPRCTestUITests.debug.xcconfig */ = {isa = PBXFileReference; includeInIndex = 1; lastKnownFileType = text.xcconfig; name = "Pods-SwiftGPRCTest-SwiftGPRCTestUITests.debug.xcconfig"; path = "Target Support Files/Pods-SwiftGPRCTest-SwiftGPRCTestUITests/Pods-SwiftGPRCTest-SwiftGPRCTestUITests.debug.xcconfig"; sourceTree = "<group>"; };
		C333D2C4FD8ED070B9056D28 /* Pods_SwiftGPRCTest_SwiftGPRCTestUITests.framework */ = {isa = PBXFileReference; explicitFileType = wrapper.framework; includeInIndex = 0; path = Pods_SwiftGPRCTest_SwiftGPRCTestUITests.framework; sourceTree = BUILT_PRODUCTS_DIR; };
/* End PBXFileReference section */

/* Begin PBXFileSystemSynchronizedRootGroup section */
		478BE4C72D4AEACB003BF92B /* SwiftGPRCTest */ = {
			isa = PBXFileSystemSynchronizedRootGroup;
			path = SwiftGPRCTest;
			sourceTree = "<group>";
		};
		478BE4D82D4AEACD003BF92B /* SwiftGPRCTestTests */ = {
			isa = PBXFileSystemSynchronizedRootGroup;
			path = SwiftGPRCTestTests;
			sourceTree = "<group>";
		};
		478BE4E22D4AEACD003BF92B /* SwiftGPRCTestUITests */ = {
			isa = PBXFileSystemSynchronizedRootGroup;
			path = SwiftGPRCTestUITests;
			sourceTree = "<group>";
		};
/* End PBXFileSystemSynchronizedRootGroup section */

/* Begin PBXFrameworksBuildPhase section */
		478BE4C22D4AEACB003BF92B /* Frameworks */ = {
			isa = PBXFrameworksBuildPhase;
			buildActionMask = 2147483647;
			files = (
				70D919E10864D89BD3F2CCD4 /* Pods_SwiftGPRCTest.framework in Frameworks */,
			);
			runOnlyForDeploymentPostprocessing = 0;
		};
		478BE4D22D4AEACD003BF92B /* Frameworks */ = {
			isa = PBXFrameworksBuildPhase;
			buildActionMask = 2147483647;
			files = (
				CABF9F7056882C418DBD287D /* Pods_SwiftGPRCTest_SwiftGPRCTestTests.framework in Frameworks */,
			);
			runOnlyForDeploymentPostprocessing = 0;
		};
		478BE4DC2D4AEACD003BF92B /* Frameworks */ = {
			isa = PBXFrameworksBuildPhase;
			buildActionMask = 2147483647;
			files = (
				47C4FCD1A208519689376997 /* Pods_SwiftGPRCTest_SwiftGPRCTestUITests.framework in Frameworks */,
			);
			runOnlyForDeploymentPostprocessing = 0;
		};
/* End PBXFrameworksBuildPhase section */

/* Begin PBXGroup section */
		478BE4BC2D4AEACB003BF92B = {
			isa = PBXGroup;
			children = (
				478BE4C72D4AEACB003BF92B /* SwiftGPRCTest */,
				478BE4D82D4AEACD003BF92B /* SwiftGPRCTestTests */,
				478BE4E22D4AEACD003BF92B /* SwiftGPRCTestUITests */,
				478BE4C62D4AEACB003BF92B /* Products */,
				F4DBDFC716345F7DCC07BD81 /* Pods */,
				CA2565463C08BAB272A30052 /* Frameworks */,
			);
			sourceTree = "<group>";
		};
		478BE4C62D4AEACB003BF92B /* Products */ = {
			isa = PBXGroup;
			children = (
				478BE4C52D4AEACB003BF92B /* SwiftGPRCTest.app */,
				478BE4D52D4AEACD003BF92B /* SwiftGPRCTestTests.xctest */,
				478BE4DF2D4AEACD003BF92B /* SwiftGPRCTestUITests.xctest */,
			);
			name = Products;
			sourceTree = "<group>";
		};
		CA2565463C08BAB272A30052 /* Frameworks */ = {
			isa = PBXGroup;
			children = (
				71E29999328D4D392000069F /* Pods_SwiftGPRCTest.framework */,
				18A2BFFB09E9430D4C62EA48 /* Pods_SwiftGPRCTest_SwiftGPRCTestTests.framework */,
				C333D2C4FD8ED070B9056D28 /* Pods_SwiftGPRCTest_SwiftGPRCTestUITests.framework */,
			);
			name = Frameworks;
			sourceTree = "<group>";
		};
		F4DBDFC716345F7DCC07BD81 /* Pods */ = {
			isa = PBXGroup;
			children = (
				3DB86C8E060B70E4A9FA2857 /* Pods-SwiftGPRCTest.debug.xcconfig */,
				81A76C73A137807DAC218E61 /* Pods-SwiftGPRCTest.release.xcconfig */,
				1F5EA3CEFF878211411CCD14 /* Pods-SwiftGPRCTest-SwiftGPRCTestTests.debug.xcconfig */,
				A56B56E38E536E74B97C49D5 /* Pods-SwiftGPRCTest-SwiftGPRCTestTests.release.xcconfig */,
				A750291260C43628F2A813C6 /* Pods-SwiftGPRCTest-SwiftGPRCTestUITests.debug.xcconfig */,
				A2BF5684C07695643E290F7D /* Pods-SwiftGPRCTest-SwiftGPRCTestUITests.release.xcconfig */,
			);
			path = Pods;
			sourceTree = "<group>";
		};
/* End PBXGroup section */

/* Begin PBXNativeTarget section */
		478BE4C42D4AEACB003BF92B /* SwiftGPRCTest */ = {
			isa = PBXNativeTarget;
			buildConfigurationList = 478BE4E92D4AEACD003BF92B /* Build configuration list for PBXNativeTarget "SwiftGPRCTest" */;
			buildPhases = (
				5523DFFBDDF22A8B289A199C /* [CP] Check Pods Manifest.lock */,
				478BE4C12D4AEACB003BF92B /* Sources */,
				478BE4C22D4AEACB003BF92B /* Frameworks */,
				478BE4C32D4AEACB003BF92B /* Resources */,
				80ECCF3ED3C9CE190D659D45 /* [CP] Embed Pods Frameworks */,
			);
			buildRules = (
			);
			dependencies = (
			);
			fileSystemSynchronizedGroups = (
				478BE4C72D4AEACB003BF92B /* SwiftGPRCTest */,
			);
			name = SwiftGPRCTest;
			productName = SwiftGPRCTest;
			productReference = 478BE4C52D4AEACB003BF92B /* SwiftGPRCTest.app */;
			productType = "com.apple.product-type.application";
		};
		478BE4D42D4AEACD003BF92B /* SwiftGPRCTestTests */ = {
			isa = PBXNativeTarget;
			buildConfigurationList = 478BE4EC2D4AEACD003BF92B /* Build configuration list for PBXNativeTarget "SwiftGPRCTestTests" */;
			buildPhases = (
				4B881E08895C11C2B993942B /* [CP] Check Pods Manifest.lock */,
				478BE4D12D4AEACD003BF92B /* Sources */,
				478BE4D22D4AEACD003BF92B /* Frameworks */,
				478BE4D32D4AEACD003BF92B /* Resources */,
				E062D85C7D62A426D0E39A2C /* [CP] Embed Pods Frameworks */,
			);
			buildRules = (
			);
			dependencies = (
				478BE4D72D4AEACD003BF92B /* PBXTargetDependency */,
			);
			fileSystemSynchronizedGroups = (
				478BE4D82D4AEACD003BF92B /* SwiftGPRCTestTests */,
			);
			name = SwiftGPRCTestTests;
			productName = SwiftGPRCTestTests;
			productReference = 478BE4D52D4AEACD003BF92B /* SwiftGPRCTestTests.xctest */;
			productType = "com.apple.product-type.bundle.unit-test";
		};
		478BE4DE2D4AEACD003BF92B /* SwiftGPRCTestUITests */ = {
			isa = PBXNativeTarget;
			buildConfigurationList = 478BE4EF2D4AEACD003BF92B /* Build configuration list for PBXNativeTarget "SwiftGPRCTestUITests" */;
			buildPhases = (
				B379425CD310138917E438B1 /* [CP] Check Pods Manifest.lock */,
				478BE4DB2D4AEACD003BF92B /* Sources */,
				478BE4DC2D4AEACD003BF92B /* Frameworks */,
				478BE4DD2D4AEACD003BF92B /* Resources */,
				4964DA0421C146BB2D6419AB /* [CP] Embed Pods Frameworks */,
			);
			buildRules = (
			);
			dependencies = (
				478BE4E12D4AEACD003BF92B /* PBXTargetDependency */,
			);
			fileSystemSynchronizedGroups = (
				478BE4E22D4AEACD003BF92B /* SwiftGPRCTestUITests */,
			);
			name = SwiftGPRCTestUITests;
			productName = SwiftGPRCTestUITests;
			productReference = 478BE4DF2D4AEACD003BF92B /* SwiftGPRCTestUITests.xctest */;
			productType = "com.apple.product-type.bundle.ui-testing";
		};
/* End PBXNativeTarget section */

/* Begin PBXProject section */
		478BE4BD2D4AEACB003BF92B /* Project object */ = {
			isa = PBXProject;
			attributes = {
				BuildIndependentTargetsInParallel = 1;
				LastSwiftUpdateCheck = 1620;
				LastUpgradeCheck = 1620;
				TargetAttributes = {
					478BE4C42D4AEACB003BF92B = {
						CreatedOnToolsVersion = 16.2;
					};
					478BE4D42D4AEACD003BF92B = {
						CreatedOnToolsVersion = 16.2;
						TestTargetID = 478BE4C42D4AEACB003BF92B;
					};
					478BE4DE2D4AEACD003BF92B = {
						CreatedOnToolsVersion = 16.2;
						TestTargetID = 478BE4C42D4AEACB003BF92B;
					};
				};
			};
			buildConfigurationList = 478BE4C02D4AEACB003BF92B /* Build configuration list for PBXProject "SwiftGPRCTest" */;
			developmentRegion = en;
			hasScannedForEncodings = 0;
			knownRegions = (
				en,
				Base,
			);
			mainGroup = 478BE4BC2D4AEACB003BF92B;
			minimizedProjectReferenceProxies = 1;
			preferredProjectObjectVersion = 77;
			productRefGroup = 478BE4C62D4AEACB003BF92B /* Products */;
			projectDirPath = "";
			projectRoot = "";
			targets = (
				478BE4C42D4AEACB003BF92B /* SwiftGPRCTest */,
				478BE4D42D4AEACD003BF92B /* SwiftGPRCTestTests */,
				478BE4DE2D4AEACD003BF92B /* SwiftGPRCTestUITests */,
			);
		};
/* End PBXProject section */

/* Begin PBXResourcesBuildPhase section */
		478BE4C32D4AEACB003BF92B /* Resources */ = {
			isa = PBXResourcesBuildPhase;
			buildActionMask = 2147483647;
			files = (
			);
			runOnlyForDeploymentPostprocessing = 0;
		};
		478BE4D32D4AEACD003BF92B /* Resources */ = {
			isa = PBXResourcesBuildPhase;
			buildActionMask = 2147483647;
			files = (
			);
			runOnlyForDeploymentPostprocessing = 0;
		};
		478BE4DD2D4AEACD003BF92B /* Resources */ = {
			isa = PBXResourcesBuildPhase;
			buildActionMask = 2147483647;
			files = (
			);
			runOnlyForDeploymentPostprocessing = 0;
		};
/* End PBXResourcesBuildPhase section */

/* Begin PBXShellScriptBuildPhase section */
		4964DA0421C146BB2D6419AB /* [CP] Embed Pods Frameworks */ = {
			isa = PBXShellScriptBuildPhase;
			buildActionMask = 2147483647;
			files = (
			);
			inputFileListPaths = (
				"${PODS_ROOT}/Target Support Files/Pods-SwiftGPRCTest-SwiftGPRCTestUITests/Pods-SwiftGPRCTest-SwiftGPRCTestUITests-frameworks-${CONFIGURATION}-input-files.xcfilelist",
			);
			name = "[CP] Embed Pods Frameworks";
			outputFileListPaths = (
				"${PODS_ROOT}/Target Support Files/Pods-SwiftGPRCTest-SwiftGPRCTestUITests/Pods-SwiftGPRCTest-SwiftGPRCTestUITests-frameworks-${CONFIGURATION}-output-files.xcfilelist",
			);
			runOnlyForDeploymentPostprocessing = 0;
			shellPath = /bin/sh;
			shellScript = "\"${PODS_ROOT}/Target Support Files/Pods-SwiftGPRCTest-SwiftGPRCTestUITests/Pods-SwiftGPRCTest-SwiftGPRCTestUITests-frameworks.sh\"\n";
			showEnvVarsInLog = 0;
		};
		4B881E08895C11C2B993942B /* [CP] Check Pods Manifest.lock */ = {
			isa = PBXShellScriptBuildPhase;
			buildActionMask = 2147483647;
			files = (
			);
			inputFileListPaths = (
			);
			inputPaths = (
				"${PODS_PODFILE_DIR_PATH}/Podfile.lock",
				"${PODS_ROOT}/Manifest.lock",
			);
			name = "[CP] Check Pods Manifest.lock";
			outputFileListPaths = (
			);
			outputPaths = (
				"$(DERIVED_FILE_DIR)/Pods-SwiftGPRCTest-SwiftGPRCTestTests-checkManifestLockResult.txt",
			);
			runOnlyForDeploymentPostprocessing = 0;
			shellPath = /bin/sh;
			shellScript = "diff \"${PODS_PODFILE_DIR_PATH}/Podfile.lock\" \"${PODS_ROOT}/Manifest.lock\" > /dev/null\nif [ $? != 0 ] ; then\n    # print error to STDERR\n    echo \"error: The sandbox is not in sync with the Podfile.lock. Run 'pod install' or update your CocoaPods installation.\" >&2\n    exit 1\nfi\n# This output is used by Xcode 'outputs' to avoid re-running this script phase.\necho \"SUCCESS\" > \"${SCRIPT_OUTPUT_FILE_0}\"\n";
			showEnvVarsInLog = 0;
		};
		5523DFFBDDF22A8B289A199C /* [CP] Check Pods Manifest.lock */ = {
			isa = PBXShellScriptBuildPhase;
			buildActionMask = 2147483647;
			files = (
			);
			inputFileListPaths = (
			);
			inputPaths = (
				"${PODS_PODFILE_DIR_PATH}/Podfile.lock",
				"${PODS_ROOT}/Manifest.lock",
			);
			name = "[CP] Check Pods Manifest.lock";
			outputFileListPaths = (
			);
			outputPaths = (
				"$(DERIVED_FILE_DIR)/Pods-SwiftGPRCTest-checkManifestLockResult.txt",
			);
			runOnlyForDeploymentPostprocessing = 0;
			shellPath = /bin/sh;
			shellScript = "diff \"${PODS_PODFILE_DIR_PATH}/Podfile.lock\" \"${PODS_ROOT}/Manifest.lock\" > /dev/null\nif [ $? != 0 ] ; then\n    # print error to STDERR\n    echo \"error: The sandbox is not in sync with the Podfile.lock. Run 'pod install' or update your CocoaPods installation.\" >&2\n    exit 1\nfi\n# This output is used by Xcode 'outputs' to avoid re-running this script phase.\necho \"SUCCESS\" > \"${SCRIPT_OUTPUT_FILE_0}\"\n";
			showEnvVarsInLog = 0;
		};
		80ECCF3ED3C9CE190D659D45 /* [CP] Embed Pods Frameworks */ = {
			isa = PBXShellScriptBuildPhase;
			buildActionMask = 2147483647;
			files = (
			);
			inputFileListPaths = (
				"${PODS_ROOT}/Target Support Files/Pods-SwiftGPRCTest/Pods-SwiftGPRCTest-frameworks-${CONFIGURATION}-input-files.xcfilelist",
			);
			name = "[CP] Embed Pods Frameworks";
			outputFileListPaths = (
				"${PODS_ROOT}/Target Support Files/Pods-SwiftGPRCTest/Pods-SwiftGPRCTest-frameworks-${CONFIGURATION}-output-files.xcfilelist",
			);
			runOnlyForDeploymentPostprocessing = 0;
			shellPath = /bin/sh;
			shellScript = "\"${PODS_ROOT}/Target Support Files/Pods-SwiftGPRCTest/Pods-SwiftGPRCTest-frameworks.sh\"\n";
			showEnvVarsInLog = 0;
		};
		B379425CD310138917E438B1 /* [CP] Check Pods Manifest.lock */ = {
			isa = PBXShellScriptBuildPhase;
			buildActionMask = 2147483647;
			files = (
			);
			inputFileListPaths = (
			);
			inputPaths = (
				"${PODS_PODFILE_DIR_PATH}/Podfile.lock",
				"${PODS_ROOT}/Manifest.lock",
			);
			name = "[CP] Check Pods Manifest.lock";
			outputFileListPaths = (
			);
			outputPaths = (
				"$(DERIVED_FILE_DIR)/Pods-SwiftGPRCTest-SwiftGPRCTestUITests-checkManifestLockResult.txt",
			);
			runOnlyForDeploymentPostprocessing = 0;
			shellPath = /bin/sh;
			shellScript = "diff \"${PODS_PODFILE_DIR_PATH}/Podfile.lock\" \"${PODS_ROOT}/Manifest.lock\" > /dev/null\nif [ $? != 0 ] ; then\n    # print error to STDERR\n    echo \"error: The sandbox is not in sync with the Podfile.lock. Run 'pod install' or update your CocoaPods installation.\" >&2\n    exit 1\nfi\n# This output is used by Xcode 'outputs' to avoid re-running this script phase.\necho \"SUCCESS\" > \"${SCRIPT_OUTPUT_FILE_0}\"\n";
			showEnvVarsInLog = 0;
		};
		E062D85C7D62A426D0E39A2C /* [CP] Embed Pods Frameworks */ = {
			isa = PBXShellScriptBuildPhase;
			buildActionMask = 2147483647;
			files = (
			);
			inputFileListPaths = (
				"${PODS_ROOT}/Target Support Files/Pods-SwiftGPRCTest-SwiftGPRCTestTests/Pods-SwiftGPRCTest-SwiftGPRCTestTests-frameworks-${CONFIGURATION}-input-files.xcfilelist",
			);
			name = "[CP] Embed Pods Frameworks";
			outputFileListPaths = (
				"${PODS_ROOT}/Target Support Files/Pods-SwiftGPRCTest-SwiftGPRCTestTests/Pods-SwiftGPRCTest-SwiftGPRCTestTests-frameworks-${CONFIGURATION}-output-files.xcfilelist",
			);
			runOnlyForDeploymentPostprocessing = 0;
			shellPath = /bin/sh;
			shellScript = "\"${PODS_ROOT}/Target Support Files/Pods-SwiftGPRCTest-SwiftGPRCTestTests/Pods-SwiftGPRCTest-SwiftGPRCTestTests-frameworks.sh\"\n";
			showEnvVarsInLog = 0;
		};
/* End PBXShellScriptBuildPhase section */

/* Begin PBXSourcesBuildPhase section */
		478BE4C12D4AEACB003BF92B /* Sources */ = {
			isa = PBXSourcesBuildPhase;
			buildActionMask = 2147483647;
			files = (
			);
			runOnlyForDeploymentPostprocessing = 0;
		};
		478BE4D12D4AEACD003BF92B /* Sources */ = {
			isa = PBXSourcesBuildPhase;
			buildActionMask = 2147483647;
			files = (
			);
			runOnlyForDeploymentPostprocessing = 0;
		};
		478BE4DB2D4AEACD003BF92B /* Sources */ = {
			isa = PBXSourcesBuildPhase;
			buildActionMask = 2147483647;
			files = (
			);
			runOnlyForDeploymentPostprocessing = 0;
		};
/* End PBXSourcesBuildPhase section */

/* Begin PBXTargetDependency section */
		478BE4D72D4AEACD003BF92B /* PBXTargetDependency */ = {
			isa = PBXTargetDependency;
			target = 478BE4C42D4AEACB003BF92B /* SwiftGPRCTest */;
			targetProxy = 478BE4D62D4AEACD003BF92B /* PBXContainerItemProxy */;
		};
		478BE4E12D4AEACD003BF92B /* PBXTargetDependency */ = {
			isa = PBXTargetDependency;
			target = 478BE4C42D4AEACB003BF92B /* SwiftGPRCTest */;
			targetProxy = 478BE4E02D4AEACD003BF92B /* PBXContainerItemProxy */;
		};
/* End PBXTargetDependency section */

/* Begin XCBuildConfiguration section */
		478BE4E72D4AEACD003BF92B /* Debug */ = {
			isa = XCBuildConfiguration;
			buildSettings = {
				ALWAYS_SEARCH_USER_PATHS = NO;
				ASSETCATALOG_COMPILER_GENERATE_SWIFT_ASSET_SYMBOL_EXTENSIONS = YES;
				CLANG_ANALYZER_NONNULL = YES;
				CLANG_ANALYZER_NUMBER_OBJECT_CONVERSION = YES_AGGRESSIVE;
				CLANG_CXX_LANGUAGE_STANDARD = "gnu++20";
				CLANG_ENABLE_MODULES = YES;
				CLANG_ENABLE_OBJC_ARC = YES;
				CLANG_ENABLE_OBJC_WEAK = YES;
				CLANG_WARN_BLOCK_CAPTURE_AUTORELEASING = YES;
				CLANG_WARN_BOOL_CONVERSION = YES;
				CLANG_WARN_COMMA = YES;
				CLANG_WARN_CONSTANT_CONVERSION = YES;
				CLANG_WARN_DEPRECATED_OBJC_IMPLEMENTATIONS = YES;
				CLANG_WARN_DIRECT_OBJC_ISA_USAGE = YES_ERROR;
				CLANG_WARN_DOCUMENTATION_COMMENTS = YES;
				CLANG_WARN_EMPTY_BODY = YES;
				CLANG_WARN_ENUM_CONVERSION = YES;
				CLANG_WARN_INFINITE_RECURSION = YES;
				CLANG_WARN_INT_CONVERSION = YES;
				CLANG_WARN_NON_LITERAL_NULL_CONVERSION = YES;
				CLANG_WARN_OBJC_IMPLICIT_RETAIN_SELF = YES;
				CLANG_WARN_OBJC_LITERAL_CONVERSION = YES;
				CLANG_WARN_OBJC_ROOT_CLASS = YES_ERROR;
				CLANG_WARN_QUOTED_INCLUDE_IN_FRAMEWORK_HEADER = YES;
				CLANG_WARN_RANGE_LOOP_ANALYSIS = YES;
				CLANG_WARN_STRICT_PROTOTYPES = YES;
				CLANG_WARN_SUSPICIOUS_MOVE = YES;
				CLANG_WARN_UNGUARDED_AVAILABILITY = YES_AGGRESSIVE;
				CLANG_WARN_UNREACHABLE_CODE = YES;
				CLANG_WARN__DUPLICATE_METHOD_MATCH = YES;
				COPY_PHASE_STRIP = NO;
				DEBUG_INFORMATION_FORMAT = dwarf;
				ENABLE_STRICT_OBJC_MSGSEND = YES;
				ENABLE_TESTABILITY = YES;
				ENABLE_USER_SCRIPT_SANDBOXING = YES;
				GCC_C_LANGUAGE_STANDARD = gnu17;
				GCC_DYNAMIC_NO_PIC = NO;
				GCC_NO_COMMON_BLOCKS = YES;
				GCC_OPTIMIZATION_LEVEL = 0;
				GCC_PREPROCESSOR_DEFINITIONS = (
					"DEBUG=1",
					"$(inherited)",
				);
				GCC_WARN_64_TO_32_BIT_CONVERSION = YES;
				GCC_WARN_ABOUT_RETURN_TYPE = YES_ERROR;
				GCC_WARN_UNDECLARED_SELECTOR = YES;
				GCC_WARN_UNINITIALIZED_AUTOS = YES_AGGRESSIVE;
				GCC_WARN_UNUSED_FUNCTION = YES;
				GCC_WARN_UNUSED_VARIABLE = YES;
				IPHONEOS_DEPLOYMENT_TARGET = 15.6;
				LOCALIZATION_PREFERS_STRING_CATALOGS = YES;
				MTL_ENABLE_DEBUG_INFO = INCLUDE_SOURCE;
				MTL_FAST_MATH = YES;
				ONLY_ACTIVE_ARCH = YES;
				SDKROOT = iphoneos;
				SWIFT_ACTIVE_COMPILATION_CONDITIONS = "DEBUG $(inherited)";
				SWIFT_OPTIMIZATION_LEVEL = "-Onone";
			};
			name = Debug;
		};
		478BE4E82D4AEACD003BF92B /* Release */ = {
			isa = XCBuildConfiguration;
			buildSettings = {
				ALWAYS_SEARCH_USER_PATHS = NO;
				ASSETCATALOG_COMPILER_GENERATE_SWIFT_ASSET_SYMBOL_EXTENSIONS = YES;
				CLANG_ANALYZER_NONNULL = YES;
				CLANG_ANALYZER_NUMBER_OBJECT_CONVERSION = YES_AGGRESSIVE;
				CLANG_CXX_LANGUAGE_STANDARD = "gnu++20";
				CLANG_ENABLE_MODULES = YES;
				CLANG_ENABLE_OBJC_ARC = YES;
				CLANG_ENABLE_OBJC_WEAK = YES;
				CLANG_WARN_BLOCK_CAPTURE_AUTORELEASING = YES;
				CLANG_WARN_BOOL_CONVERSION = YES;
				CLANG_WARN_COMMA = YES;
				CLANG_WARN_CONSTANT_CONVERSION = YES;
				CLANG_WARN_DEPRECATED_OBJC_IMPLEMENTATIONS = YES;
				CLANG_WARN_DIRECT_OBJC_ISA_USAGE = YES_ERROR;
				CLANG_WARN_DOCUMENTATION_COMMENTS = YES;
				CLANG_WARN_EMPTY_BODY = YES;
				CLANG_WARN_ENUM_CONVERSION = YES;
				CLANG_WARN_INFINITE_RECURSION = YES;
				CLANG_WARN_INT_CONVERSION = YES;
				CLANG_WARN_NON_LITERAL_NULL_CONVERSION = YES;
				CLANG_WARN_OBJC_IMPLICIT_RETAIN_SELF = YES;
				CLANG_WARN_OBJC_LITERAL_CONVERSION = YES;
				CLANG_WARN_OBJC_ROOT_CLASS = YES_ERROR;
				CLANG_WARN_QUOTED_INCLUDE_IN_FRAMEWORK_HEADER = YES;
				CLANG_WARN_RANGE_LOOP_ANALYSIS = YES;
				CLANG_WARN_STRICT_PROTOTYPES = YES;
				CLANG_WARN_SUSPICIOUS_MOVE = YES;
				CLANG_WARN_UNGUARDED_AVAILABILITY = YES_AGGRESSIVE;
				CLANG_WARN_UNREACHABLE_CODE = YES;
				CLANG_WARN__DUPLICATE_METHOD_MATCH = YES;
				COPY_PHASE_STRIP = NO;
				DEBUG_INFORMATION_FORMAT = "dwarf-with-dsym";
				ENABLE_NS_ASSERTIONS = NO;
				ENABLE_STRICT_OBJC_MSGSEND = YES;
				ENABLE_USER_SCRIPT_SANDBOXING = YES;
				GCC_C_LANGUAGE_STANDARD = gnu17;
				GCC_NO_COMMON_BLOCKS = YES;
				GCC_WARN_64_TO_32_BIT_CONVERSION = YES;
				GCC_WARN_ABOUT_RETURN_TYPE = YES_ERROR;
				GCC_WARN_UNDECLARED_SELECTOR = YES;
				GCC_WARN_UNINITIALIZED_AUTOS = YES_AGGRESSIVE;
				GCC_WARN_UNUSED_FUNCTION = YES;
				GCC_WARN_UNUSED_VARIABLE = YES;
				IPHONEOS_DEPLOYMENT_TARGET = 15.6;
				LOCALIZATION_PREFERS_STRING_CATALOGS = YES;
				MTL_ENABLE_DEBUG_INFO = NO;
				MTL_FAST_MATH = YES;
				SDKROOT = iphoneos;
				SWIFT_COMPILATION_MODE = wholemodule;
				VALIDATE_PRODUCT = YES;
			};
			name = Release;
		};
		478BE4EA2D4AEACD003BF92B /* Debug */ = {
			isa = XCBuildConfiguration;
			baseConfigurationReference = 3DB86C8E060B70E4A9FA2857 /* Pods-SwiftGPRCTest.debug.xcconfig */;
			buildSettings = {
				ASSETCATALOG_COMPILER_APPICON_NAME = AppIcon;
				ASSETCATALOG_COMPILER_GLOBAL_ACCENT_COLOR_NAME = AccentColor;
				CODE_SIGN_STYLE = Automatic;
				CURRENT_PROJECT_VERSION = 1;
				DEVELOPMENT_ASSET_PATHS = "\"SwiftGPRCTest/Preview Content\"";
				DEVELOPMENT_TEAM = 8TBX8Z7BAB;
				ENABLE_PREVIEWS = YES;
				ENABLE_USER_SCRIPT_SANDBOXING = NO;
				GENERATE_INFOPLIST_FILE = YES;
				INFOPLIST_KEY_UIApplicationSceneManifest_Generation = YES;
				INFOPLIST_KEY_UIApplicationSupportsIndirectInputEvents = YES;
				INFOPLIST_KEY_UILaunchScreen_Generation = YES;
				INFOPLIST_KEY_UISupportedInterfaceOrientations_iPad = "UIInterfaceOrientationPortrait UIInterfaceOrientationPortraitUpsideDown UIInterfaceOrientationLandscapeLeft UIInterfaceOrientationLandscapeRight";
				INFOPLIST_KEY_UISupportedInterfaceOrientations_iPhone = "UIInterfaceOrientationPortrait UIInterfaceOrientationLandscapeLeft UIInterfaceOrientationLandscapeRight";
				IPHONEOS_DEPLOYMENT_TARGET = 15.6;
				LD_RUNPATH_SEARCH_PATHS = (
					"$(inherited)",
					"@executable_path/Frameworks",
				);
				MARKETING_VERSION = 1.0;
				PRODUCT_BUNDLE_IDENTIFIER = com.sc.SwiftGPRCTest;
				PRODUCT_NAME = "$(TARGET_NAME)";
				SWIFT_EMIT_LOC_STRINGS = YES;
				SWIFT_VERSION = 5.0;
				TARGETED_DEVICE_FAMILY = "1,2";
			};
			name = Debug;
		};
		478BE4EB2D4AEACD003BF92B /* Release */ = {
			isa = XCBuildConfiguration;
			baseConfigurationReference = 81A76C73A137807DAC218E61 /* Pods-SwiftGPRCTest.release.xcconfig */;
			buildSettings = {
				ASSETCATALOG_COMPILER_APPICON_NAME = AppIcon;
				ASSETCATALOG_COMPILER_GLOBAL_ACCENT_COLOR_NAME = AccentColor;
				CODE_SIGN_STYLE = Automatic;
				CURRENT_PROJECT_VERSION = 1;
				DEVELOPMENT_ASSET_PATHS = "\"SwiftGPRCTest/Preview Content\"";
				DEVELOPMENT_TEAM = 8TBX8Z7BAB;
				ENABLE_PREVIEWS = YES;
				ENABLE_USER_SCRIPT_SANDBOXING = NO;
				GENERATE_INFOPLIST_FILE = YES;
				INFOPLIST_KEY_UIApplicationSceneManifest_Generation = YES;
				INFOPLIST_KEY_UIApplicationSupportsIndirectInputEvents = YES;
				INFOPLIST_KEY_UILaunchScreen_Generation = YES;
				INFOPLIST_KEY_UISupportedInterfaceOrientations_iPad = "UIInterfaceOrientationPortrait UIInterfaceOrientationPortraitUpsideDown UIInterfaceOrientationLandscapeLeft UIInterfaceOrientationLandscapeRight";
				INFOPLIST_KEY_UISupportedInterfaceOrientations_iPhone = "UIInterfaceOrientationPortrait UIInterfaceOrientationLandscapeLeft UIInterfaceOrientationLandscapeRight";
				IPHONEOS_DEPLOYMENT_TARGET = 15.6;
				LD_RUNPATH_SEARCH_PATHS = (
					"$(inherited)",
					"@executable_path/Frameworks",
				);
				MARKETING_VERSION = 1.0;
				PRODUCT_BUNDLE_IDENTIFIER = com.sc.SwiftGPRCTest;
				PRODUCT_NAME = "$(TARGET_NAME)";
				SWIFT_EMIT_LOC_STRINGS = YES;
				SWIFT_VERSION = 5.0;
				TARGETED_DEVICE_FAMILY = "1,2";
			};
			name = Release;
		};
		478BE4ED2D4AEACD003BF92B /* Debug */ = {
			isa = XCBuildConfiguration;
			baseConfigurationReference = 1F5EA3CEFF878211411CCD14 /* Pods-SwiftGPRCTest-SwiftGPRCTestTests.debug.xcconfig */;
			buildSettings = {
				BUNDLE_LOADER = "$(TEST_HOST)";
				CODE_SIGN_STYLE = Automatic;
				CURRENT_PROJECT_VERSION = 1;
				DEVELOPMENT_TEAM = 8TBX8Z7BAB;
				GENERATE_INFOPLIST_FILE = YES;
				IPHONEOS_DEPLOYMENT_TARGET = 18.2;
				MARKETING_VERSION = 1.0;
				PRODUCT_BUNDLE_IDENTIFIER = com.sc.SwiftGPRCTestTests;
				PRODUCT_NAME = "$(TARGET_NAME)";
				SWIFT_EMIT_LOC_STRINGS = NO;
				SWIFT_VERSION = 5.0;
				TARGETED_DEVICE_FAMILY = "1,2";
				TEST_HOST = "$(BUILT_PRODUCTS_DIR)/SwiftGPRCTest.app/$(BUNDLE_EXECUTABLE_FOLDER_PATH)/SwiftGPRCTest";
			};
			name = Debug;
		};
		478BE4EE2D4AEACD003BF92B /* Release */ = {
			isa = XCBuildConfiguration;
			baseConfigurationReference = A56B56E38E536E74B97C49D5 /* Pods-SwiftGPRCTest-SwiftGPRCTestTests.release.xcconfig */;
			buildSettings = {
				BUNDLE_LOADER = "$(TEST_HOST)";
				CODE_SIGN_STYLE = Automatic;
				CURRENT_PROJECT_VERSION = 1;
				DEVELOPMENT_TEAM = 8TBX8Z7BAB;
				GENERATE_INFOPLIST_FILE = YES;
				IPHONEOS_DEPLOYMENT_TARGET = 18.2;
				MARKETING_VERSION = 1.0;
				PRODUCT_BUNDLE_IDENTIFIER = com.sc.SwiftGPRCTestTests;
				PRODUCT_NAME = "$(TARGET_NAME)";
				SWIFT_EMIT_LOC_STRINGS = NO;
				SWIFT_VERSION = 5.0;
				TARGETED_DEVICE_FAMILY = "1,2";
				TEST_HOST = "$(BUILT_PRODUCTS_DIR)/SwiftGPRCTest.app/$(BUNDLE_EXECUTABLE_FOLDER_PATH)/SwiftGPRCTest";
			};
			name = Release;
		};
		478BE4F02D4AEACD003BF92B /* Debug */ = {
			isa = XCBuildConfiguration;
			baseConfigurationReference = A750291260C43628F2A813C6 /* Pods-SwiftGPRCTest-SwiftGPRCTestUITests.debug.xcconfig */;
			buildSettings = {
				CODE_SIGN_STYLE = Automatic;
				CURRENT_PROJECT_VERSION = 1;
				DEVELOPMENT_TEAM = 8TBX8Z7BAB;
				GENERATE_INFOPLIST_FILE = YES;
				MARKETING_VERSION = 1.0;
				PRODUCT_BUNDLE_IDENTIFIER = com.sc.SwiftGPRCTestUITests;
				PRODUCT_NAME = "$(TARGET_NAME)";
				SWIFT_EMIT_LOC_STRINGS = NO;
				SWIFT_VERSION = 5.0;
				TARGETED_DEVICE_FAMILY = "1,2";
				TEST_TARGET_NAME = SwiftGPRCTest;
			};
			name = Debug;
		};
		478BE4F12D4AEACD003BF92B /* Release */ = {
			isa = XCBuildConfiguration;
			baseConfigurationReference = A2BF5684C07695643E290F7D /* Pods-SwiftGPRCTest-SwiftGPRCTestUITests.release.xcconfig */;
			buildSettings = {
				CODE_SIGN_STYLE = Automatic;
				CURRENT_PROJECT_VERSION = 1;
				DEVELOPMENT_TEAM = 8TBX8Z7BAB;
				GENERATE_INFOPLIST_FILE = YES;
				MARKETING_VERSION = 1.0;
				PRODUCT_BUNDLE_IDENTIFIER = com.sc.SwiftGPRCTestUITests;
				PRODUCT_NAME = "$(TARGET_NAME)";
				SWIFT_EMIT_LOC_STRINGS = NO;
				SWIFT_VERSION = 5.0;
				TARGETED_DEVICE_FAMILY = "1,2";
				TEST_TARGET_NAME = SwiftGPRCTest;
			};
			name = Release;
		};
/* End XCBuildConfiguration section */

/* Begin XCConfigurationList section */
		478BE4C02D4AEACB003BF92B /* Build configuration list for PBXProject "SwiftGPRCTest" */ = {
			isa = XCConfigurationList;
			buildConfigurations = (
				478BE4E72D4AEACD003BF92B /* Debug */,
				478BE4E82D4AEACD003BF92B /* Release */,
			);
			defaultConfigurationIsVisible = 0;
			defaultConfigurationName = Release;
		};
		478BE4E92D4AEACD003BF92B /* Build configuration list for PBXNativeTarget "SwiftGPRCTest" */ = {
			isa = XCConfigurationList;
			buildConfigurations = (
				478BE4EA2D4AEACD003BF92B /* Debug */,
				478BE4EB2D4AEACD003BF92B /* Release */,
			);
			defaultConfigurationIsVisible = 0;
			defaultConfigurationName = Release;
		};
		478BE4EC2D4AEACD003BF92B /* Build configuration list for PBXNativeTarget "SwiftGPRCTestTests" */ = {
			isa = XCConfigurationList;
			buildConfigurations = (
				478BE4ED2D4AEACD003BF92B /* Debug */,
				478BE4EE2D4AEACD003BF92B /* Release */,
			);
			defaultConfigurationIsVisible = 0;
			defaultConfigurationName = Release;
		};
		478BE4EF2D4AEACD003BF92B /* Build configuration list for PBXNativeTarget "SwiftGPRCTestUITests" */ = {
			isa = XCConfigurationList;
			buildConfigurations = (
				478BE4F02D4AEACD003BF92B /* Debug */,
				478BE4F12D4AEACD003BF92B /* Release */,
			);
			defaultConfigurationIsVisible = 0;
			defaultConfigurationName = Release;
		};
/* End XCConfigurationList section */
	};
	rootObject = 478BE4BD2D4AEACB003BF92B /* Project object */;
}
